
Microsoft Visual Studio Solution File, Format Version 12.00
# Visual Studio Version 16
VisualStudioVersion = 16.0.29123.89
MinimumVisualStudioVersion = 10.0.40219.1
Project("{9A19103F-16F7-4668-BE54-9A1E7A4F7556}") = "GTStarCharts", "GTStarCharts\GTStarCharts.csproj", "{9459657B-61A4-44DA-93FE-A817E6516AEA}"
EndProject
Project("{9A19103F-16F7-4668-BE54-9A1E7A4F7556}") = "GTStarCharts.TravellerMap", "GTStarCharts.TravellerMap\GTStarCharts.TravellerMap.csproj", "{799095F0-21B5-4E0D-AA7B-2BB9C9FBF97A}"
EndProject
Project("{9A19103F-16F7-4668-BE54-9A1E7A4F7556}") = "GTStarData", "GTStarData\GTStarData.csproj", "{2AD1C944-76AA-442F-A369-D72E6FBF5A0A}"
EndProject
Global
	GlobalSection(SolutionConfigurationPlatforms) = preSolution
		Debug|Any CPU = Debug|Any CPU
		Release|Any CPU = Release|Any CPU
	EndGlobalSection
	GlobalSection(ProjectConfigurationPlatforms) = postSolution
		{9459657B-61A4-44DA-93FE-A817E6516AEA}.Debug|Any CPU.ActiveCfg = Debug|Any CPU
		{9459657B-61A4-44DA-93FE-A817E6516AEA}.Debug|Any CPU.Build.0 = Debug|Any CPU
		{9459657B-61A4-44DA-93FE-A817E6516AEA}.Release|Any CPU.ActiveCfg = Release|Any CPU
		{9459657B-61A4-44DA-93FE-A817E6516AEA}.Release|Any CPU.Build.0 = Release|Any CPU
		{799095F0-21B5-4E0D-AA7B-2BB9C9FBF97A}.Debug|Any CPU.ActiveCfg = Debug|Any CPU
		{799095F0-21B5-4E0D-AA7B-2BB9C9FBF97A}.Debug|Any CPU.Build.0 = Debug|Any CPU
		{799095F0-21B5-4E0D-AA7B-2BB9C9FBF97A}.Release|Any CPU.ActiveCfg = Release|Any CPU
		{799095F0-21B5-4E0D-AA7B-2BB9C9FBF97A}.Release|Any CPU.Build.0 = Release|Any CPU
		{2AD1C944-76AA-442F-A369-D72E6FBF5A0A}.Debug|Any CPU.ActiveCfg = Debug|Any CPU
		{2AD1C944-76AA-442F-A369-D72E6FBF5A0A}.Debug|Any CPU.Build.0 = Debug|Any CPU
		{2AD1C944-76AA-442F-A369-D72E6FBF5A0A}.Release|Any CPU.ActiveCfg = Release|Any CPU
		{2AD1C944-76AA-442F-A369-D72E6FBF5A0A}.Release|Any CPU.Build.0 = Release|Any CPU
	EndGlobalSection
	GlobalSection(SolutionProperties) = preSolution
		HideSolutionNode = FALSE
	EndGlobalSection
	GlobalSection(ExtensibilityGlobals) = postSolution
		SolutionGuid = {24458F7F-1993-460B-B019-34306617F904}
	EndGlobalSection
EndGlobal
